
Microsoft Visual Studio Solution File, Format Version 12.00
# Visual Studio 15
VisualStudioVersion = 15.0.28307.705
MinimumVisualStudioVersion = 10.0.40219.1
Project("{9A19103F-16F7-4668-BE54-9A1E7A4F7556}") = "举个栗子", "举个栗子\举个栗子.csproj", "{8E3CC37F-13DD-4D4E-B09B-15485180FCAF}"
EndProject
Project("{9A19103F-16F7-4668-BE54-9A1E7A4F7556}") = "数据结构和算法", "数据结构和算法\数据结构和算法.csproj", "{D393F42D-4EBB-40E6-A4E1-F58BD457C2C9}"
EndProject
Project("{9A19103F-16F7-4668-BE54-9A1E7A4F7556}") = "胡思乱想", "胡思乱想\胡思乱想.csproj", "{6A6328BE-2F03-4436-894A-48848266BE56}"
EndProject
Project("{9A19103F-16F7-4668-BE54-9A1E7A4F7556}") = "ConsoleApp1", "ConsoleApp1\ConsoleApp1.csproj", "{1100D77D-45CD-432E-9046-9DBD506F4B94}"
EndProject
Project("{9A19103F-16F7-4668-BE54-9A1E7A4F7556}") = "基本两个粒子", "基本两个粒子\基本两个粒子.csproj", "{E38D6802-0A4D-4AC3-8B79-6A29B36FEC6E}"
EndProject
Project("{FAE04EC0-301F-11D3-BF4B-00C04F79EFBC}") = "Test01", "Test01\Test01.csproj", "{F49FD787-EA1D-4353-8DC8-F0BB01198ACB}"
EndProject
Project("{FAE04EC0-301F-11D3-BF4B-00C04F79EFBC}") = "C_基础回顾", "C_基础回顾\C_基础回顾.csproj", "{9CFE121A-4654-411C-891B-B2430260ED1F}"
EndProject
Project("{FAE04EC0-301F-11D3-BF4B-00C04F79EFBC}") = "时钟", "时钟\时钟.csproj", "{52494EE5-F490-44DC-BE02-A06F5D15560C}"
EndProject
Project("{9A19103F-16F7-4668-BE54-9A1E7A4F7556}") = "静态构造函数", "静态构造函数\静态构造函数.csproj", "{B482F02E-D358-4DD9-9933-0498D011CC71}"
EndProject
Project("{9A19103F-16F7-4668-BE54-9A1E7A4F7556}") = "文件读写", "文件读写\文件读写.csproj", "{29468245-8721-4E3F-8639-4FB53A70F20C}"
EndProject
Project("{9A19103F-16F7-4668-BE54-9A1E7A4F7556}") = "多线程", "多线程\多线程.csproj", "{A76EAFD4-B082-496B-A08D-3D4EDAB5B9A8}"
EndProject
Project("{9A19103F-16F7-4668-BE54-9A1E7A4F7556}") = "算法练习", "算法练习\算法练习.csproj", "{D0BD90C1-88E3-41EC-979F-5D32398F4852}"
EndProject
Project("{9A19103F-16F7-4668-BE54-9A1E7A4F7556}") = "说明书栗子", "说明书栗子\说明书栗子.csproj", "{15CD9793-E9C9-4537-B717-14A05DEF5BC3}"
EndProject
Project("{9A19103F-16F7-4668-BE54-9A1E7A4F7556}") = "c井_方法重载", "c井_方法重载\c井_方法重载.csproj", "{39CB9F06-42F9-45A5-AF16-4F6E41A166FE}"
EndProject
Project("{9A19103F-16F7-4668-BE54-9A1E7A4F7556}") = "虚方法", "虚方法\虚方法.csproj", "{C715E9D7-7182-423A-8E11-7440970371BB}"
EndProject
Project("{9A19103F-16F7-4668-BE54-9A1E7A4F7556}") = "overide和new 的比较", "overide和new 的比较\overide和new 的比较.csproj", "{096B3B26-4D9B-4874-808B-185884D0AFA0}"
EndProject
Project("{9A19103F-16F7-4668-BE54-9A1E7A4F7556}") = "ArrayList 装箱拆箱探索", "ArrayList 装箱拆箱探索\ArrayList 装箱拆箱探索.csproj", "{A791228D-5122-4DB0-BD45-61944854360F}"
EndProject
Project("{9A19103F-16F7-4668-BE54-9A1E7A4F7556}") = "抽象类", "抽象类\抽象类.csproj", "{735CEB48-4B8B-496A-BAEE-CB647C320D1E}"
EndProject
Project("{9A19103F-16F7-4668-BE54-9A1E7A4F7556}") = "向上转型和向下转型", "向上转型和向下转型\向上转型和向下转型.csproj", "{F93235F8-5ECA-4981-AF3F-6CC1B188772F}"
EndProject
Project("{9A19103F-16F7-4668-BE54-9A1E7A4F7556}") = "interface_接口_小试牛刀", "interface_接口_小试牛刀\interface_接口_小试牛刀.csproj", "{5129904F-8196-49F3-88F4-4E464BB6D060}"
EndProject
Project("{9A19103F-16F7-4668-BE54-9A1E7A4F7556}") = "interface_显式实现和隐式实现", "interface_显式实现和隐式实现\interface_显式实现和隐式实现.csproj", "{A605E1F2-72B6-4F2A-82E9-B3242867B974}"
EndProject
Project("{9A19103F-16F7-4668-BE54-9A1E7A4F7556}") = "值类型", "值类型\值类型.csproj", "{D8240503-15F3-4108-B743-ACB84E4BB5E2}"
EndProject
Project("{9A19103F-16F7-4668-BE54-9A1E7A4F7556}") = "17.反射，特性和动态编程", "17.反射，特性和动态编程\17.反射，特性和动态编程.csproj", "{A3685EFF-D0F8-4768-9E11-EBE99AF32E3F}"
EndProject
Project("{9A19103F-16F7-4668-BE54-9A1E7A4F7556}") = "字符串加密", "字符串加密\字符串加密.csproj", "{1679CF9A-2474-4921-97EA-A301E137E01B}"
EndProject
Project("{9A19103F-16F7-4668-BE54-9A1E7A4F7556}") = "字符串", "字符串\字符串.csproj", "{030F6D00-A074-4CA5-954C-C392DC66B830}"
EndProject
Project("{9A19103F-16F7-4668-BE54-9A1E7A4F7556}") = "Linq一对多", "Linq一对多\Linq一对多.csproj", "{46C73866-4033-48DB-A84F-13C2BAE2D492}"
EndProject
Project("{9A19103F-16F7-4668-BE54-9A1E7A4F7556}") = "FluentScheduler框架体验", "FluentScheduler框架体验\FluentScheduler框架体验.csproj", "{10B137DD-84C6-4FAE-9EFC-DA907360E891}"
EndProject
Project("{9A19103F-16F7-4668-BE54-9A1E7A4F7556}") = "结构", "结构\结构.csproj", "{BE7F00CB-E592-4907-B169-FE580A919A3D}"
EndProject
Project("{9A19103F-16F7-4668-BE54-9A1E7A4F7556}") = "良构类型", "良构类型\良构类型.csproj", "{BEB9542E-70AB-4904-8618-091F7DE38150}"
EndProject
Project("{9A19103F-16F7-4668-BE54-9A1E7A4F7556}") = "弱引用", "弱引用\弱引用.csproj", "{F730D9BB-597C-4FD9-82ED-E47071288BDF}"
EndProject
Project("{9A19103F-16F7-4668-BE54-9A1E7A4F7556}") = "垃圾回收器", "垃圾回收器\垃圾回收器.csproj", "{99398C48-308A-4D49-A484-B8E5F9F11AF6}"
EndProject
Project("{9A19103F-16F7-4668-BE54-9A1E7A4F7556}") = "终结器", "终结器\终结器.csproj", "{9DE9395B-1F24-446B-BC0C-A3106073D11E}"
EndProject
Project("{9A19103F-16F7-4668-BE54-9A1E7A4F7556}") = "延迟加载", "延迟加载\延迟加载.csproj", "{DD235F2C-6948-4ACC-A08B-5A219B61C76F}"
EndProject
Project("{9A19103F-16F7-4668-BE54-9A1E7A4F7556}") = "异常处理", "异常处理\异常处理.csproj", "{DDC32E9D-9814-4C2D-AAF4-0E77E589D111}"
EndProject
Project("{9A19103F-16F7-4668-BE54-9A1E7A4F7556}") = "泛型", "泛型\泛型.csproj", "{AF1C691E-66DB-403C-B64F-233BF1E28A60}"
EndProject
Project("{9A19103F-16F7-4668-BE54-9A1E7A4F7556}") = "委托和lambda", "委托和lambda\委托和lambda.csproj", "{A607D438-7173-4481-94ED-1DE90930284D}"
EndProject
Project("{9A19103F-16F7-4668-BE54-9A1E7A4F7556}") = "ref和out 详解", "ref和out 详解\ref和out 详解.csproj", "{6E286488-FBB2-46A1-8278-BC53A891CF41}"
EndProject
Project("{FAE04EC0-301F-11D3-BF4B-00C04F79EFBC}") = "打印粒子_WPF", "打印粒子\打印粒子_WPF.csproj", "{14F074DE-4CC8-49E8-942F-5FE9A42C4084}"
EndProject
Project("{9A19103F-16F7-4668-BE54-9A1E7A4F7556}") = "逆变和协变", "逆变和协变\逆变和协变.csproj", "{162D3E63-3C33-4876-BAF2-13D6C7BFAC99}"
EndProject
Project("{9A19103F-16F7-4668-BE54-9A1E7A4F7556}") = "事件", "事件\事件.csproj", "{359D7659-D31D-48C2-BA6E-7D7BE682CC31}"
EndProject
Project("{9A19103F-16F7-4668-BE54-9A1E7A4F7556}") = "集合", "集合\集合.csproj", "{4464AC43-4331-462C-8875-4A2EB5A59EC2}"
EndProject
Project("{2150E333-8FDC-42A3-9474-1A3956D46DE8}") = "image", "image", "{46FEC2C3-ED09-414F-B60C-17DC51F9051C}"
	ProjectSection(SolutionItems) = preProject
		C:\Users\TK\Desktop\各集合的各操作时间复杂的度.PNG = C:\Users\TK\Desktop\各集合的各操作时间复杂的度.PNG
	EndProjectSection
EndProject
Project("{FAE04EC0-301F-11D3-BF4B-00C04F79EFBC}") = "QQ消息连发器_WPF", "QQ消息连发器\QQ消息连发器_WPF.csproj", "{480363BA-B2EB-406A-89C6-5D116BB0EA95}"
EndProject
Project("{FAE04EC0-301F-11D3-BF4B-00C04F79EFBC}") = "QQ消息连发器_WF", "QQMessageSender\QQMessageSend\QQ消息连发器_WF.csproj", "{26010927-743E-4E4F-A9C8-68367FAE72BD}"
EndProject
Global
	GlobalSection(SolutionConfigurationPlatforms) = preSolution
		Debug|Any CPU = Debug|Any CPU
		Debug|x64 = Debug|x64
		Debug|x86 = Debug|x86
		Release|Any CPU = Release|Any CPU
		Release|x64 = Release|x64
		Release|x86 = Release|x86
	EndGlobalSection
	GlobalSection(ProjectConfigurationPlatforms) = postSolution
		{8E3CC37F-13DD-4D4E-B09B-15485180FCAF}.Debug|Any CPU.ActiveCfg = Debug|Any CPU
		{8E3CC37F-13DD-4D4E-B09B-15485180FCAF}.Debug|Any CPU.Build.0 = Debug|Any CPU
		{8E3CC37F-13DD-4D4E-B09B-15485180FCAF}.Debug|x64.ActiveCfg = Debug|Any CPU
		{8E3CC37F-13DD-4D4E-B09B-15485180FCAF}.Debug|x64.Build.0 = Debug|Any CPU
		{8E3CC37F-13DD-4D4E-B09B-15485180FCAF}.Debug|x86.ActiveCfg = Debug|Any CPU
		{8E3CC37F-13DD-4D4E-B09B-15485180FCAF}.Debug|x86.Build.0 = Debug|Any CPU
		{8E3CC37F-13DD-4D4E-B09B-15485180FCAF}.Release|Any CPU.ActiveCfg = Release|Any CPU
		{8E3CC37F-13DD-4D4E-B09B-15485180FCAF}.Release|Any CPU.Build.0 = Release|Any CPU
		{8E3CC37F-13DD-4D4E-B09B-15485180FCAF}.Release|x64.ActiveCfg = Release|Any CPU
		{8E3CC37F-13DD-4D4E-B09B-15485180FCAF}.Release|x64.Build.0 = Release|Any CPU
		{8E3CC37F-13DD-4D4E-B09B-15485180FCAF}.Release|x86.ActiveCfg = Release|Any CPU
		{8E3CC37F-13DD-4D4E-B09B-15485180FCAF}.Release|x86.Build.0 = Release|Any CPU
		{D393F42D-4EBB-40E6-A4E1-F58BD457C2C9}.Debug|Any CPU.ActiveCfg = Debug|Any CPU
		{D393F42D-4EBB-40E6-A4E1-F58BD457C2C9}.Debug|Any CPU.Build.0 = Debug|Any CPU
		{D393F42D-4EBB-40E6-A4E1-F58BD457C2C9}.Debug|x64.ActiveCfg = Debug|Any CPU
		{D393F42D-4EBB-40E6-A4E1-F58BD457C2C9}.Debug|x64.Build.0 = Debug|Any CPU
		{D393F42D-4EBB-40E6-A4E1-F58BD457C2C9}.Debug|x86.ActiveCfg = Debug|Any CPU
		{D393F42D-4EBB-40E6-A4E1-F58BD457C2C9}.Debug|x86.Build.0 = Debug|Any CPU
		{D393F42D-4EBB-40E6-A4E1-F58BD457C2C9}.Release|Any CPU.ActiveCfg = Release|Any CPU
		{D393F42D-4EBB-40E6-A4E1-F58BD457C2C9}.Release|Any CPU.Build.0 = Release|Any CPU
		{D393F42D-4EBB-40E6-A4E1-F58BD457C2C9}.Release|x64.ActiveCfg = Release|Any CPU
		{D393F42D-4EBB-40E6-A4E1-F58BD457C2C9}.Release|x64.Build.0 = Release|Any CPU
		{D393F42D-4EBB-40E6-A4E1-F58BD457C2C9}.Release|x86.ActiveCfg = Release|Any CPU
		{D393F42D-4EBB-40E6-A4E1-F58BD457C2C9}.Release|x86.Build.0 = Release|Any CPU
		{6A6328BE-2F03-4436-894A-48848266BE56}.Debug|Any CPU.ActiveCfg = Debug|Any CPU
		{6A6328BE-2F03-4436-894A-48848266BE56}.Debug|Any CPU.Build.0 = Debug|Any CPU
		{6A6328BE-2F03-4436-894A-48848266BE56}.Debug|x64.ActiveCfg = Debug|Any CPU
		{6A6328BE-2F03-4436-894A-48848266BE56}.Debug|x64.Build.0 = Debug|Any CPU
		{6A6328BE-2F03-4436-894A-48848266BE56}.Debug|x86.ActiveCfg = Debug|Any CPU
		{6A6328BE-2F03-4436-894A-48848266BE56}.Debug|x86.Build.0 = Debug|Any CPU
		{6A6328BE-2F03-4436-894A-48848266BE56}.Release|Any CPU.ActiveCfg = Release|Any CPU
		{6A6328BE-2F03-4436-894A-48848266BE56}.Release|Any CPU.Build.0 = Release|Any CPU
		{6A6328BE-2F03-4436-894A-48848266BE56}.Release|x64.ActiveCfg = Release|Any CPU
		{6A6328BE-2F03-4436-894A-48848266BE56}.Release|x64.Build.0 = Release|Any CPU
		{6A6328BE-2F03-4436-894A-48848266BE56}.Release|x86.ActiveCfg = Release|Any CPU
		{6A6328BE-2F03-4436-894A-48848266BE56}.Release|x86.Build.0 = Release|Any CPU
		{1100D77D-45CD-432E-9046-9DBD506F4B94}.Debug|Any CPU.ActiveCfg = Debug|Any CPU
		{1100D77D-45CD-432E-9046-9DBD506F4B94}.Debug|Any CPU.Build.0 = Debug|Any CPU
		{1100D77D-45CD-432E-9046-9DBD506F4B94}.Debug|x64.ActiveCfg = Debug|Any CPU
		{1100D77D-45CD-432E-9046-9DBD506F4B94}.Debug|x64.Build.0 = Debug|Any CPU
		{1100D77D-45CD-432E-9046-9DBD506F4B94}.Debug|x86.ActiveCfg = Debug|Any CPU
		{1100D77D-45CD-432E-9046-9DBD506F4B94}.Debug|x86.Build.0 = Debug|Any CPU
		{1100D77D-45CD-432E-9046-9DBD506F4B94}.Release|Any CPU.ActiveCfg = Release|Any CPU
		{1100D77D-45CD-432E-9046-9DBD506F4B94}.Release|Any CPU.Build.0 = Release|Any CPU
		{1100D77D-45CD-432E-9046-9DBD506F4B94}.Release|x64.ActiveCfg = Release|Any CPU
		{1100D77D-45CD-432E-9046-9DBD506F4B94}.Release|x64.Build.0 = Release|Any CPU
		{1100D77D-45CD-432E-9046-9DBD506F4B94}.Release|x86.ActiveCfg = Release|Any CPU
		{1100D77D-45CD-432E-9046-9DBD506F4B94}.Release|x86.Build.0 = Release|Any CPU
		{E38D6802-0A4D-4AC3-8B79-6A29B36FEC6E}.Debug|Any CPU.ActiveCfg = Debug|Any CPU
		{E38D6802-0A4D-4AC3-8B79-6A29B36FEC6E}.Debug|Any CPU.Build.0 = Debug|Any CPU
		{E38D6802-0A4D-4AC3-8B79-6A29B36FEC6E}.Debug|x64.ActiveCfg = Debug|Any CPU
		{E38D6802-0A4D-4AC3-8B79-6A29B36FEC6E}.Debug|x64.Build.0 = Debug|Any CPU
		{E38D6802-0A4D-4AC3-8B79-6A29B36FEC6E}.Debug|x86.ActiveCfg = Debug|Any CPU
		{E38D6802-0A4D-4AC3-8B79-6A29B36FEC6E}.Debug|x86.Build.0 = Debug|Any CPU
		{E38D6802-0A4D-4AC3-8B79-6A29B36FEC6E}.Release|Any CPU.ActiveCfg = Release|Any CPU
		{E38D6802-0A4D-4AC3-8B79-6A29B36FEC6E}.Release|Any CPU.Build.0 = Release|Any CPU
		{E38D6802-0A4D-4AC3-8B79-6A29B36FEC6E}.Release|x64.ActiveCfg = Release|Any CPU
		{E38D6802-0A4D-4AC3-8B79-6A29B36FEC6E}.Release|x64.Build.0 = Release|Any CPU
		{E38D6802-0A4D-4AC3-8B79-6A29B36FEC6E}.Release|x86.ActiveCfg = Release|Any CPU
		{E38D6802-0A4D-4AC3-8B79-6A29B36FEC6E}.Release|x86.Build.0 = Release|Any CPU
		{F49FD787-EA1D-4353-8DC8-F0BB01198ACB}.Debug|Any CPU.ActiveCfg = Debug|Any CPU
		{F49FD787-EA1D-4353-8DC8-F0BB01198ACB}.Debug|Any CPU.Build.0 = Debug|Any CPU
		{F49FD787-EA1D-4353-8DC8-F0BB01198ACB}.Debug|x64.ActiveCfg = Debug|Any CPU
		{F49FD787-EA1D-4353-8DC8-F0BB01198ACB}.Debug|x64.Build.0 = Debug|Any CPU
		{F49FD787-EA1D-4353-8DC8-F0BB01198ACB}.Debug|x86.ActiveCfg = Debug|Any CPU
		{F49FD787-EA1D-4353-8DC8-F0BB01198ACB}.Debug|x86.Build.0 = Debug|Any CPU
		{F49FD787-EA1D-4353-8DC8-F0BB01198ACB}.Release|Any CPU.ActiveCfg = Release|Any CPU
		{F49FD787-EA1D-4353-8DC8-F0BB01198ACB}.Release|Any CPU.Build.0 = Release|Any CPU
		{F49FD787-EA1D-4353-8DC8-F0BB01198ACB}.Release|x64.ActiveCfg = Release|Any CPU
		{F49FD787-EA1D-4353-8DC8-F0BB01198ACB}.Release|x64.Build.0 = Release|Any CPU
		{F49FD787-EA1D-4353-8DC8-F0BB01198ACB}.Release|x86.ActiveCfg = Release|Any CPU
		{F49FD787-EA1D-4353-8DC8-F0BB01198ACB}.Release|x86.Build.0 = Release|Any CPU
		{9CFE121A-4654-411C-891B-B2430260ED1F}.Debug|Any CPU.ActiveCfg = Debug|Any CPU
		{9CFE121A-4654-411C-891B-B2430260ED1F}.Debug|Any CPU.Build.0 = Debug|Any CPU
		{9CFE121A-4654-411C-891B-B2430260ED1F}.Debug|x64.ActiveCfg = Debug|Any CPU
		{9CFE121A-4654-411C-891B-B2430260ED1F}.Debug|x64.Build.0 = Debug|Any CPU
		{9CFE121A-4654-411C-891B-B2430260ED1F}.Debug|x86.ActiveCfg = Debug|Any CPU
		{9CFE121A-4654-411C-891B-B2430260ED1F}.Debug|x86.Build.0 = Debug|Any CPU
		{9CFE121A-4654-411C-891B-B2430260ED1F}.Release|Any CPU.ActiveCfg = Release|Any CPU
		{9CFE121A-4654-411C-891B-B2430260ED1F}.Release|Any CPU.Build.0 = Release|Any CPU
		{9CFE121A-4654-411C-891B-B2430260ED1F}.Release|x64.ActiveCfg = Release|Any CPU
		{9CFE121A-4654-411C-891B-B2430260ED1F}.Release|x64.Build.0 = Release|Any CPU
		{9CFE121A-4654-411C-891B-B2430260ED1F}.Release|x86.ActiveCfg = Release|Any CPU
		{9CFE121A-4654-411C-891B-B2430260ED1F}.Release|x86.Build.0 = Release|Any CPU
		{52494EE5-F490-44DC-BE02-A06F5D15560C}.Debug|Any CPU.ActiveCfg = Debug|Any CPU
		{52494EE5-F490-44DC-BE02-A06F5D15560C}.Debug|Any CPU.Build.0 = Debug|Any CPU
		{52494EE5-F490-44DC-BE02-A06F5D15560C}.Debug|x64.ActiveCfg = Debug|Any CPU
		{52494EE5-F490-44DC-BE02-A06F5D15560C}.Debug|x64.Build.0 = Debug|Any CPU
		{52494EE5-F490-44DC-BE02-A06F5D15560C}.Debug|x86.ActiveCfg = Debug|Any CPU
		{52494EE5-F490-44DC-BE02-A06F5D15560C}.Debug|x86.Build.0 = Debug|Any CPU
		{52494EE5-F490-44DC-BE02-A06F5D15560C}.Release|Any CPU.ActiveCfg = Release|Any CPU
		{52494EE5-F490-44DC-BE02-A06F5D15560C}.Release|Any CPU.Build.0 = Release|Any CPU
		{52494EE5-F490-44DC-BE02-A06F5D15560C}.Release|x64.ActiveCfg = Release|Any CPU
		{52494EE5-F490-44DC-BE02-A06F5D15560C}.Release|x64.Build.0 = Release|Any CPU
		{52494EE5-F490-44DC-BE02-A06F5D15560C}.Release|x86.ActiveCfg = Release|Any CPU
		{52494EE5-F490-44DC-BE02-A06F5D15560C}.Release|x86.Build.0 = Release|Any CPU
		{B482F02E-D358-4DD9-9933-0498D011CC71}.Debug|Any CPU.ActiveCfg = Debug|Any CPU
		{B482F02E-D358-4DD9-9933-0498D011CC71}.Debug|Any CPU.Build.0 = Debug|Any CPU
		{B482F02E-D358-4DD9-9933-0498D011CC71}.Debug|x64.ActiveCfg = Debug|Any CPU
		{B482F02E-D358-4DD9-9933-0498D011CC71}.Debug|x64.Build.0 = Debug|Any CPU
		{B482F02E-D358-4DD9-9933-0498D011CC71}.Debug|x86.ActiveCfg = Debug|Any CPU
		{B482F02E-D358-4DD9-9933-0498D011CC71}.Debug|x86.Build.0 = Debug|Any CPU
		{B482F02E-D358-4DD9-9933-0498D011CC71}.Release|Any CPU.ActiveCfg = Release|Any CPU
		{B482F02E-D358-4DD9-9933-0498D011CC71}.Release|Any CPU.Build.0 = Release|Any CPU
		{B482F02E-D358-4DD9-9933-0498D011CC71}.Release|x64.ActiveCfg = Release|Any CPU
		{B482F02E-D358-4DD9-9933-0498D011CC71}.Release|x64.Build.0 = Release|Any CPU
		{B482F02E-D358-4DD9-9933-0498D011CC71}.Release|x86.ActiveCfg = Release|Any CPU
		{B482F02E-D358-4DD9-9933-0498D011CC71}.Release|x86.Build.0 = Release|Any CPU
		{29468245-8721-4E3F-8639-4FB53A70F20C}.Debug|Any CPU.ActiveCfg = Debug|Any CPU
		{29468245-8721-4E3F-8639-4FB53A70F20C}.Debug|Any CPU.Build.0 = Debug|Any CPU
		{29468245-8721-4E3F-8639-4FB53A70F20C}.Debug|x64.ActiveCfg = Debug|Any CPU
		{29468245-8721-4E3F-8639-4FB53A70F20C}.Debug|x64.Build.0 = Debug|Any CPU
		{29468245-8721-4E3F-8639-4FB53A70F20C}.Debug|x86.ActiveCfg = Debug|Any CPU
		{29468245-8721-4E3F-8639-4FB53A70F20C}.Debug|x86.Build.0 = Debug|Any CPU
		{29468245-8721-4E3F-8639-4FB53A70F20C}.Release|Any CPU.ActiveCfg = Release|Any CPU
		{29468245-8721-4E3F-8639-4FB53A70F20C}.Release|Any CPU.Build.0 = Release|Any CPU
		{29468245-8721-4E3F-8639-4FB53A70F20C}.Release|x64.ActiveCfg = Release|Any CPU
		{29468245-8721-4E3F-8639-4FB53A70F20C}.Release|x64.Build.0 = Release|Any CPU
		{29468245-8721-4E3F-8639-4FB53A70F20C}.Release|x86.ActiveCfg = Release|Any CPU
		{29468245-8721-4E3F-8639-4FB53A70F20C}.Release|x86.Build.0 = Release|Any CPU
		{A76EAFD4-B082-496B-A08D-3D4EDAB5B9A8}.Debug|Any CPU.ActiveCfg = Debug|Any CPU
		{A76EAFD4-B082-496B-A08D-3D4EDAB5B9A8}.Debug|Any CPU.Build.0 = Debug|Any CPU
		{A76EAFD4-B082-496B-A08D-3D4EDAB5B9A8}.Debug|x64.ActiveCfg = Debug|Any CPU
		{A76EAFD4-B082-496B-A08D-3D4EDAB5B9A8}.Debug|x64.Build.0 = Debug|Any CPU
		{A76EAFD4-B082-496B-A08D-3D4EDAB5B9A8}.Debug|x86.ActiveCfg = Debug|Any CPU
		{A76EAFD4-B082-496B-A08D-3D4EDAB5B9A8}.Debug|x86.Build.0 = Debug|Any CPU
		{A76EAFD4-B082-496B-A08D-3D4EDAB5B9A8}.Release|Any CPU.ActiveCfg = Release|Any CPU
		{A76EAFD4-B082-496B-A08D-3D4EDAB5B9A8}.Release|Any CPU.Build.0 = Release|Any CPU
		{A76EAFD4-B082-496B-A08D-3D4EDAB5B9A8}.Release|x64.ActiveCfg = Release|Any CPU
		{A76EAFD4-B082-496B-A08D-3D4EDAB5B9A8}.Release|x64.Build.0 = Release|Any CPU
		{A76EAFD4-B082-496B-A08D-3D4EDAB5B9A8}.Release|x86.ActiveCfg = Release|Any CPU
		{A76EAFD4-B082-496B-A08D-3D4EDAB5B9A8}.Release|x86.Build.0 = Release|Any CPU
		{D0BD90C1-88E3-41EC-979F-5D32398F4852}.Debug|Any CPU.ActiveCfg = Debug|Any CPU
		{D0BD90C1-88E3-41EC-979F-5D32398F4852}.Debug|Any CPU.Build.0 = Debug|Any CPU
		{D0BD90C1-88E3-41EC-979F-5D32398F4852}.Debug|x64.ActiveCfg = Debug|Any CPU
		{D0BD90C1-88E3-41EC-979F-5D32398F4852}.Debug|x64.Build.0 = Debug|Any CPU
		{D0BD90C1-88E3-41EC-979F-5D32398F4852}.Debug|x86.ActiveCfg = Debug|Any CPU
		{D0BD90C1-88E3-41EC-979F-5D32398F4852}.Debug|x86.Build.0 = Debug|Any CPU
		{D0BD90C1-88E3-41EC-979F-5D32398F4852}.Release|Any CPU.ActiveCfg = Release|Any CPU
		{D0BD90C1-88E3-41EC-979F-5D32398F4852}.Release|Any CPU.Build.0 = Release|Any CPU
		{D0BD90C1-88E3-41EC-979F-5D32398F4852}.Release|x64.ActiveCfg = Release|Any CPU
		{D0BD90C1-88E3-41EC-979F-5D32398F4852}.Release|x64.Build.0 = Release|Any CPU
		{D0BD90C1-88E3-41EC-979F-5D32398F4852}.Release|x86.ActiveCfg = Release|Any CPU
		{D0BD90C1-88E3-41EC-979F-5D32398F4852}.Release|x86.Build.0 = Release|Any CPU
		{15CD9793-E9C9-4537-B717-14A05DEF5BC3}.Debug|Any CPU.ActiveCfg = Debug|Any CPU
		{15CD9793-E9C9-4537-B717-14A05DEF5BC3}.Debug|Any CPU.Build.0 = Debug|Any CPU
		{15CD9793-E9C9-4537-B717-14A05DEF5BC3}.Debug|x64.ActiveCfg = Debug|Any CPU
		{15CD9793-E9C9-4537-B717-14A05DEF5BC3}.Debug|x64.Build.0 = Debug|Any CPU
		{15CD9793-E9C9-4537-B717-14A05DEF5BC3}.Debug|x86.ActiveCfg = Debug|Any CPU
		{15CD9793-E9C9-4537-B717-14A05DEF5BC3}.Debug|x86.Build.0 = Debug|Any CPU
		{15CD9793-E9C9-4537-B717-14A05DEF5BC3}.Release|Any CPU.ActiveCfg = Release|Any CPU
		{15CD9793-E9C9-4537-B717-14A05DEF5BC3}.Release|Any CPU.Build.0 = Release|Any CPU
		{15CD9793-E9C9-4537-B717-14A05DEF5BC3}.Release|x64.ActiveCfg = Release|Any CPU
		{15CD9793-E9C9-4537-B717-14A05DEF5BC3}.Release|x64.Build.0 = Release|Any CPU
		{15CD9793-E9C9-4537-B717-14A05DEF5BC3}.Release|x86.ActiveCfg = Release|Any CPU
		{15CD9793-E9C9-4537-B717-14A05DEF5BC3}.Release|x86.Build.0 = Release|Any CPU
		{39CB9F06-42F9-45A5-AF16-4F6E41A166FE}.Debug|Any CPU.ActiveCfg = Debug|Any CPU
		{39CB9F06-42F9-45A5-AF16-4F6E41A166FE}.Debug|Any CPU.Build.0 = Debug|Any CPU
		{39CB9F06-42F9-45A5-AF16-4F6E41A166FE}.Debug|x64.ActiveCfg = Debug|Any CPU
		{39CB9F06-42F9-45A5-AF16-4F6E41A166FE}.Debug|x64.Build.0 = Debug|Any CPU
		{39CB9F06-42F9-45A5-AF16-4F6E41A166FE}.Debug|x86.ActiveCfg = Debug|Any CPU
		{39CB9F06-42F9-45A5-AF16-4F6E41A166FE}.Debug|x86.Build.0 = Debug|Any CPU
		{39CB9F06-42F9-45A5-AF16-4F6E41A166FE}.Release|Any CPU.ActiveCfg = Release|Any CPU
		{39CB9F06-42F9-45A5-AF16-4F6E41A166FE}.Release|Any CPU.Build.0 = Release|Any CPU
		{39CB9F06-42F9-45A5-AF16-4F6E41A166FE}.Release|x64.ActiveCfg = Release|Any CPU
		{39CB9F06-42F9-45A5-AF16-4F6E41A166FE}.Release|x64.Build.0 = Release|Any CPU
		{39CB9F06-42F9-45A5-AF16-4F6E41A166FE}.Release|x86.ActiveCfg = Release|Any CPU
		{39CB9F06-42F9-45A5-AF16-4F6E41A166FE}.Release|x86.Build.0 = Release|Any CPU
		{C715E9D7-7182-423A-8E11-7440970371BB}.Debug|Any CPU.ActiveCfg = Debug|Any CPU
		{C715E9D7-7182-423A-8E11-7440970371BB}.Debug|Any CPU.Build.0 = Debug|Any CPU
		{C715E9D7-7182-423A-8E11-7440970371BB}.Debug|x64.ActiveCfg = Debug|Any CPU
		{C715E9D7-7182-423A-8E11-7440970371BB}.Debug|x64.Build.0 = Debug|Any CPU
		{C715E9D7-7182-423A-8E11-7440970371BB}.Debug|x86.ActiveCfg = Debug|Any CPU
		{C715E9D7-7182-423A-8E11-7440970371BB}.Debug|x86.Build.0 = Debug|Any CPU
		{C715E9D7-7182-423A-8E11-7440970371BB}.Release|Any CPU.ActiveCfg = Release|Any CPU
		{C715E9D7-7182-423A-8E11-7440970371BB}.Release|Any CPU.Build.0 = Release|Any CPU
		{C715E9D7-7182-423A-8E11-7440970371BB}.Release|x64.ActiveCfg = Release|Any CPU
		{C715E9D7-7182-423A-8E11-7440970371BB}.Release|x64.Build.0 = Release|Any CPU
		{C715E9D7-7182-423A-8E11-7440970371BB}.Release|x86.ActiveCfg = Release|Any CPU
		{C715E9D7-7182-423A-8E11-7440970371BB}.Release|x86.Build.0 = Release|Any CPU
		{096B3B26-4D9B-4874-808B-185884D0AFA0}.Debug|Any CPU.ActiveCfg = Debug|Any CPU
		{096B3B26-4D9B-4874-808B-185884D0AFA0}.Debug|Any CPU.Build.0 = Debug|Any CPU
		{096B3B26-4D9B-4874-808B-185884D0AFA0}.Debug|x64.ActiveCfg = Debug|Any CPU
		{096B3B26-4D9B-4874-808B-185884D0AFA0}.Debug|x64.Build.0 = Debug|Any CPU
		{096B3B26-4D9B-4874-808B-185884D0AFA0}.Debug|x86.ActiveCfg = Debug|Any CPU
		{096B3B26-4D9B-4874-808B-185884D0AFA0}.Debug|x86.Build.0 = Debug|Any CPU
		{096B3B26-4D9B-4874-808B-185884D0AFA0}.Release|Any CPU.ActiveCfg = Release|Any CPU
		{096B3B26-4D9B-4874-808B-185884D0AFA0}.Release|Any CPU.Build.0 = Release|Any CPU
		{096B3B26-4D9B-4874-808B-185884D0AFA0}.Release|x64.ActiveCfg = Release|Any CPU
		{096B3B26-4D9B-4874-808B-185884D0AFA0}.Release|x64.Build.0 = Release|Any CPU
		{096B3B26-4D9B-4874-808B-185884D0AFA0}.Release|x86.ActiveCfg = Release|Any CPU
		{096B3B26-4D9B-4874-808B-185884D0AFA0}.Release|x86.Build.0 = Release|Any CPU
		{A791228D-5122-4DB0-BD45-61944854360F}.Debug|Any CPU.ActiveCfg = Debug|Any CPU
		{A791228D-5122-4DB0-BD45-61944854360F}.Debug|Any CPU.Build.0 = Debug|Any CPU
		{A791228D-5122-4DB0-BD45-61944854360F}.Debug|x64.ActiveCfg = Debug|Any CPU
		{A791228D-5122-4DB0-BD45-61944854360F}.Debug|x64.Build.0 = Debug|Any CPU
		{A791228D-5122-4DB0-BD45-61944854360F}.Debug|x86.ActiveCfg = Debug|Any CPU
		{A791228D-5122-4DB0-BD45-61944854360F}.Debug|x86.Build.0 = Debug|Any CPU
		{A791228D-5122-4DB0-BD45-61944854360F}.Release|Any CPU.ActiveCfg = Release|Any CPU
		{A791228D-5122-4DB0-BD45-61944854360F}.Release|Any CPU.Build.0 = Release|Any CPU
		{A791228D-5122-4DB0-BD45-61944854360F}.Release|x64.ActiveCfg = Release|Any CPU
		{A791228D-5122-4DB0-BD45-61944854360F}.Release|x64.Build.0 = Release|Any CPU
		{A791228D-5122-4DB0-BD45-61944854360F}.Release|x86.ActiveCfg = Release|Any CPU
		{A791228D-5122-4DB0-BD45-61944854360F}.Release|x86.Build.0 = Release|Any CPU
		{735CEB48-4B8B-496A-BAEE-CB647C320D1E}.Debug|Any CPU.ActiveCfg = Debug|Any CPU
		{735CEB48-4B8B-496A-BAEE-CB647C320D1E}.Debug|Any CPU.Build.0 = Debug|Any CPU
		{735CEB48-4B8B-496A-BAEE-CB647C320D1E}.Debug|x64.ActiveCfg = Debug|Any CPU
		{735CEB48-4B8B-496A-BAEE-CB647C320D1E}.Debug|x64.Build.0 = Debug|Any CPU
		{735CEB48-4B8B-496A-BAEE-CB647C320D1E}.Debug|x86.ActiveCfg = Debug|Any CPU
		{735CEB48-4B8B-496A-BAEE-CB647C320D1E}.Debug|x86.Build.0 = Debug|Any CPU
		{735CEB48-4B8B-496A-BAEE-CB647C320D1E}.Release|Any CPU.ActiveCfg = Release|Any CPU
		{735CEB48-4B8B-496A-BAEE-CB647C320D1E}.Release|Any CPU.Build.0 = Release|Any CPU
		{735CEB48-4B8B-496A-BAEE-CB647C320D1E}.Release|x64.ActiveCfg = Release|Any CPU
		{735CEB48-4B8B-496A-BAEE-CB647C320D1E}.Release|x64.Build.0 = Release|Any CPU
		{735CEB48-4B8B-496A-BAEE-CB647C320D1E}.Release|x86.ActiveCfg = Release|Any CPU
		{735CEB48-4B8B-496A-BAEE-CB647C320D1E}.Release|x86.Build.0 = Release|Any CPU
		{F93235F8-5ECA-4981-AF3F-6CC1B188772F}.Debug|Any CPU.ActiveCfg = Debug|Any CPU
		{F93235F8-5ECA-4981-AF3F-6CC1B188772F}.Debug|Any CPU.Build.0 = Debug|Any CPU
		{F93235F8-5ECA-4981-AF3F-6CC1B188772F}.Debug|x64.ActiveCfg = Debug|Any CPU
		{F93235F8-5ECA-4981-AF3F-6CC1B188772F}.Debug|x64.Build.0 = Debug|Any CPU
		{F93235F8-5ECA-4981-AF3F-6CC1B188772F}.Debug|x86.ActiveCfg = Debug|Any CPU
		{F93235F8-5ECA-4981-AF3F-6CC1B188772F}.Debug|x86.Build.0 = Debug|Any CPU
		{F93235F8-5ECA-4981-AF3F-6CC1B188772F}.Release|Any CPU.ActiveCfg = Release|Any CPU
		{F93235F8-5ECA-4981-AF3F-6CC1B188772F}.Release|Any CPU.Build.0 = Release|Any CPU
		{F93235F8-5ECA-4981-AF3F-6CC1B188772F}.Release|x64.ActiveCfg = Release|Any CPU
		{F93235F8-5ECA-4981-AF3F-6CC1B188772F}.Release|x64.Build.0 = Release|Any CPU
		{F93235F8-5ECA-4981-AF3F-6CC1B188772F}.Release|x86.ActiveCfg = Release|Any CPU
		{F93235F8-5ECA-4981-AF3F-6CC1B188772F}.Release|x86.Build.0 = Release|Any CPU
		{5129904F-8196-49F3-88F4-4E464BB6D060}.Debug|Any CPU.ActiveCfg = Debug|Any CPU
		{5129904F-8196-49F3-88F4-4E464BB6D060}.Debug|Any CPU.Build.0 = Debug|Any CPU
		{5129904F-8196-49F3-88F4-4E464BB6D060}.Debug|x64.ActiveCfg = Debug|Any CPU
		{5129904F-8196-49F3-88F4-4E464BB6D060}.Debug|x64.Build.0 = Debug|Any CPU
		{5129904F-8196-49F3-88F4-4E464BB6D060}.Debug|x86.ActiveCfg = Debug|Any CPU
		{5129904F-8196-49F3-88F4-4E464BB6D060}.Debug|x86.Build.0 = Debug|Any CPU
		{5129904F-8196-49F3-88F4-4E464BB6D060}.Release|Any CPU.ActiveCfg = Release|Any CPU
		{5129904F-8196-49F3-88F4-4E464BB6D060}.Release|Any CPU.Build.0 = Release|Any CPU
		{5129904F-8196-49F3-88F4-4E464BB6D060}.Release|x64.ActiveCfg = Release|Any CPU
		{5129904F-8196-49F3-88F4-4E464BB6D060}.Release|x64.Build.0 = Release|Any CPU
		{5129904F-8196-49F3-88F4-4E464BB6D060}.Release|x86.ActiveCfg = Release|Any CPU
		{5129904F-8196-49F3-88F4-4E464BB6D060}.Release|x86.Build.0 = Release|Any CPU
		{A605E1F2-72B6-4F2A-82E9-B3242867B974}.Debug|Any CPU.ActiveCfg = Debug|Any CPU
		{A605E1F2-72B6-4F2A-82E9-B3242867B974}.Debug|Any CPU.Build.0 = Debug|Any CPU
		{A605E1F2-72B6-4F2A-82E9-B3242867B974}.Debug|x64.ActiveCfg = Debug|Any CPU
		{A605E1F2-72B6-4F2A-82E9-B3242867B974}.Debug|x64.Build.0 = Debug|Any CPU
		{A605E1F2-72B6-4F2A-82E9-B3242867B974}.Debug|x86.ActiveCfg = Debug|Any CPU
		{A605E1F2-72B6-4F2A-82E9-B3242867B974}.Debug|x86.Build.0 = Debug|Any CPU
		{A605E1F2-72B6-4F2A-82E9-B3242867B974}.Release|Any CPU.ActiveCfg = Release|Any CPU
		{A605E1F2-72B6-4F2A-82E9-B3242867B974}.Release|Any CPU.Build.0 = Release|Any CPU
		{A605E1F2-72B6-4F2A-82E9-B3242867B974}.Release|x64.ActiveCfg = Release|Any CPU
		{A605E1F2-72B6-4F2A-82E9-B3242867B974}.Release|x64.Build.0 = Release|Any CPU
		{A605E1F2-72B6-4F2A-82E9-B3242867B974}.Release|x86.ActiveCfg = Release|Any CPU
		{A605E1F2-72B6-4F2A-82E9-B3242867B974}.Release|x86.Build.0 = Release|Any CPU
		{D8240503-15F3-4108-B743-ACB84E4BB5E2}.Debug|Any CPU.ActiveCfg = Debug|Any CPU
		{D8240503-15F3-4108-B743-ACB84E4BB5E2}.Debug|Any CPU.Build.0 = Debug|Any CPU
		{D8240503-15F3-4108-B743-ACB84E4BB5E2}.Debug|x64.ActiveCfg = Debug|Any CPU
		{D8240503-15F3-4108-B743-ACB84E4BB5E2}.Debug|x64.Build.0 = Debug|Any CPU
		{D8240503-15F3-4108-B743-ACB84E4BB5E2}.Debug|x86.ActiveCfg = Debug|Any CPU
		{D8240503-15F3-4108-B743-ACB84E4BB5E2}.Debug|x86.Build.0 = Debug|Any CPU
		{D8240503-15F3-4108-B743-ACB84E4BB5E2}.Release|Any CPU.ActiveCfg = Release|Any CPU
		{D8240503-15F3-4108-B743-ACB84E4BB5E2}.Release|Any CPU.Build.0 = Release|Any CPU
		{D8240503-15F3-4108-B743-ACB84E4BB5E2}.Release|x64.ActiveCfg = Release|Any CPU
		{D8240503-15F3-4108-B743-ACB84E4BB5E2}.Release|x64.Build.0 = Release|Any CPU
		{D8240503-15F3-4108-B743-ACB84E4BB5E2}.Release|x86.ActiveCfg = Release|Any CPU
		{D8240503-15F3-4108-B743-ACB84E4BB5E2}.Release|x86.Build.0 = Release|Any CPU
		{A3685EFF-D0F8-4768-9E11-EBE99AF32E3F}.Debug|Any CPU.ActiveCfg = Debug|Any CPU
		{A3685EFF-D0F8-4768-9E11-EBE99AF32E3F}.Debug|Any CPU.Build.0 = Debug|Any CPU
		{A3685EFF-D0F8-4768-9E11-EBE99AF32E3F}.Debug|x64.ActiveCfg = Debug|Any CPU
		{A3685EFF-D0F8-4768-9E11-EBE99AF32E3F}.Debug|x64.Build.0 = Debug|Any CPU
		{A3685EFF-D0F8-4768-9E11-EBE99AF32E3F}.Debug|x86.ActiveCfg = Debug|Any CPU
		{A3685EFF-D0F8-4768-9E11-EBE99AF32E3F}.Debug|x86.Build.0 = Debug|Any CPU
		{A3685EFF-D0F8-4768-9E11-EBE99AF32E3F}.Release|Any CPU.ActiveCfg = Release|Any CPU
		{A3685EFF-D0F8-4768-9E11-EBE99AF32E3F}.Release|Any CPU.Build.0 = Release|Any CPU
		{A3685EFF-D0F8-4768-9E11-EBE99AF32E3F}.Release|x64.ActiveCfg = Release|Any CPU
		{A3685EFF-D0F8-4768-9E11-EBE99AF32E3F}.Release|x64.Build.0 = Release|Any CPU
		{A3685EFF-D0F8-4768-9E11-EBE99AF32E3F}.Release|x86.ActiveCfg = Release|Any CPU
		{A3685EFF-D0F8-4768-9E11-EBE99AF32E3F}.Release|x86.Build.0 = Release|Any CPU
		{1679CF9A-2474-4921-97EA-A301E137E01B}.Debug|Any CPU.ActiveCfg = Debug|Any CPU
		{1679CF9A-2474-4921-97EA-A301E137E01B}.Debug|Any CPU.Build.0 = Debug|Any CPU
		{1679CF9A-2474-4921-97EA-A301E137E01B}.Debug|x64.ActiveCfg = Debug|Any CPU
		{1679CF9A-2474-4921-97EA-A301E137E01B}.Debug|x64.Build.0 = Debug|Any CPU
		{1679CF9A-2474-4921-97EA-A301E137E01B}.Debug|x86.ActiveCfg = Debug|Any CPU
		{1679CF9A-2474-4921-97EA-A301E137E01B}.Debug|x86.Build.0 = Debug|Any CPU
		{1679CF9A-2474-4921-97EA-A301E137E01B}.Release|Any CPU.ActiveCfg = Release|Any CPU
		{1679CF9A-2474-4921-97EA-A301E137E01B}.Release|Any CPU.Build.0 = Release|Any CPU
		{1679CF9A-2474-4921-97EA-A301E137E01B}.Release|x64.ActiveCfg = Release|Any CPU
		{1679CF9A-2474-4921-97EA-A301E137E01B}.Release|x64.Build.0 = Release|Any CPU
		{1679CF9A-2474-4921-97EA-A301E137E01B}.Release|x86.ActiveCfg = Release|Any CPU
		{1679CF9A-2474-4921-97EA-A301E137E01B}.Release|x86.Build.0 = Release|Any CPU
		{030F6D00-A074-4CA5-954C-C392DC66B830}.Debug|Any CPU.ActiveCfg = Debug|Any CPU
		{030F6D00-A074-4CA5-954C-C392DC66B830}.Debug|Any CPU.Build.0 = Debug|Any CPU
		{030F6D00-A074-4CA5-954C-C392DC66B830}.Debug|x64.ActiveCfg = Debug|Any CPU
		{030F6D00-A074-4CA5-954C-C392DC66B830}.Debug|x64.Build.0 = Debug|Any CPU
		{030F6D00-A074-4CA5-954C-C392DC66B830}.Debug|x86.ActiveCfg = Debug|Any CPU
		{030F6D00-A074-4CA5-954C-C392DC66B830}.Debug|x86.Build.0 = Debug|Any CPU
		{030F6D00-A074-4CA5-954C-C392DC66B830}.Release|Any CPU.ActiveCfg = Release|Any CPU
		{030F6D00-A074-4CA5-954C-C392DC66B830}.Release|Any CPU.Build.0 = Release|Any CPU
		{030F6D00-A074-4CA5-954C-C392DC66B830}.Release|x64.ActiveCfg = Release|Any CPU
		{030F6D00-A074-4CA5-954C-C392DC66B830}.Release|x64.Build.0 = Release|Any CPU
		{030F6D00-A074-4CA5-954C-C392DC66B830}.Release|x86.ActiveCfg = Release|Any CPU
		{030F6D00-A074-4CA5-954C-C392DC66B830}.Release|x86.Build.0 = Release|Any CPU
		{46C73866-4033-48DB-A84F-13C2BAE2D492}.Debug|Any CPU.ActiveCfg = Debug|Any CPU
		{46C73866-4033-48DB-A84F-13C2BAE2D492}.Debug|Any CPU.Build.0 = Debug|Any CPU
		{46C73866-4033-48DB-A84F-13C2BAE2D492}.Debug|x64.ActiveCfg = Debug|Any CPU
		{46C73866-4033-48DB-A84F-13C2BAE2D492}.Debug|x64.Build.0 = Debug|Any CPU
		{46C73866-4033-48DB-A84F-13C2BAE2D492}.Debug|x86.ActiveCfg = Debug|Any CPU
		{46C73866-4033-48DB-A84F-13C2BAE2D492}.Debug|x86.Build.0 = Debug|Any CPU
		{46C73866-4033-48DB-A84F-13C2BAE2D492}.Release|Any CPU.ActiveCfg = Release|Any CPU
		{46C73866-4033-48DB-A84F-13C2BAE2D492}.Release|Any CPU.Build.0 = Release|Any CPU
		{46C73866-4033-48DB-A84F-13C2BAE2D492}.Release|x64.ActiveCfg = Release|Any CPU
		{46C73866-4033-48DB-A84F-13C2BAE2D492}.Release|x64.Build.0 = Release|Any CPU
		{46C73866-4033-48DB-A84F-13C2BAE2D492}.Release|x86.ActiveCfg = Release|Any CPU
		{46C73866-4033-48DB-A84F-13C2BAE2D492}.Release|x86.Build.0 = Release|Any CPU
		{10B137DD-84C6-4FAE-9EFC-DA907360E891}.Debug|Any CPU.ActiveCfg = Debug|Any CPU
		{10B137DD-84C6-4FAE-9EFC-DA907360E891}.Debug|Any CPU.Build.0 = Debug|Any CPU
		{10B137DD-84C6-4FAE-9EFC-DA907360E891}.Debug|x64.ActiveCfg = Debug|Any CPU
		{10B137DD-84C6-4FAE-9EFC-DA907360E891}.Debug|x64.Build.0 = Debug|Any CPU
		{10B137DD-84C6-4FAE-9EFC-DA907360E891}.Debug|x86.ActiveCfg = Debug|Any CPU
		{10B137DD-84C6-4FAE-9EFC-DA907360E891}.Debug|x86.Build.0 = Debug|Any CPU
		{10B137DD-84C6-4FAE-9EFC-DA907360E891}.Release|Any CPU.ActiveCfg = Release|Any CPU
		{10B137DD-84C6-4FAE-9EFC-DA907360E891}.Release|Any CPU.Build.0 = Release|Any CPU
		{10B137DD-84C6-4FAE-9EFC-DA907360E891}.Release|x64.ActiveCfg = Release|Any CPU
		{10B137DD-84C6-4FAE-9EFC-DA907360E891}.Release|x64.Build.0 = Release|Any CPU
		{10B137DD-84C6-4FAE-9EFC-DA907360E891}.Release|x86.ActiveCfg = Release|Any CPU
		{10B137DD-84C6-4FAE-9EFC-DA907360E891}.Release|x86.Build.0 = Release|Any CPU
		{BE7F00CB-E592-4907-B169-FE580A919A3D}.Debug|Any CPU.ActiveCfg = Debug|Any CPU
		{BE7F00CB-E592-4907-B169-FE580A919A3D}.Debug|Any CPU.Build.0 = Debug|Any CPU
		{BE7F00CB-E592-4907-B169-FE580A919A3D}.Debug|x64.ActiveCfg = Debug|Any CPU
		{BE7F00CB-E592-4907-B169-FE580A919A3D}.Debug|x64.Build.0 = Debug|Any CPU
		{BE7F00CB-E592-4907-B169-FE580A919A3D}.Debug|x86.ActiveCfg = Debug|Any CPU
		{BE7F00CB-E592-4907-B169-FE580A919A3D}.Debug|x86.Build.0 = Debug|Any CPU
		{BE7F00CB-E592-4907-B169-FE580A919A3D}.Release|Any CPU.ActiveCfg = Release|Any CPU
		{BE7F00CB-E592-4907-B169-FE580A919A3D}.Release|Any CPU.Build.0 = Release|Any CPU
		{BE7F00CB-E592-4907-B169-FE580A919A3D}.Release|x64.ActiveCfg = Release|Any CPU
		{BE7F00CB-E592-4907-B169-FE580A919A3D}.Release|x64.Build.0 = Release|Any CPU
		{BE7F00CB-E592-4907-B169-FE580A919A3D}.Release|x86.ActiveCfg = Release|Any CPU
		{BE7F00CB-E592-4907-B169-FE580A919A3D}.Release|x86.Build.0 = Release|Any CPU
		{BEB9542E-70AB-4904-8618-091F7DE38150}.Debug|Any CPU.ActiveCfg = Debug|Any CPU
		{BEB9542E-70AB-4904-8618-091F7DE38150}.Debug|Any CPU.Build.0 = Debug|Any CPU
		{BEB9542E-70AB-4904-8618-091F7DE38150}.Debug|x64.ActiveCfg = Debug|Any CPU
		{BEB9542E-70AB-4904-8618-091F7DE38150}.Debug|x64.Build.0 = Debug|Any CPU
		{BEB9542E-70AB-4904-8618-091F7DE38150}.Debug|x86.ActiveCfg = Debug|Any CPU
		{BEB9542E-70AB-4904-8618-091F7DE38150}.Debug|x86.Build.0 = Debug|Any CPU
		{BEB9542E-70AB-4904-8618-091F7DE38150}.Release|Any CPU.ActiveCfg = Release|Any CPU
		{BEB9542E-70AB-4904-8618-091F7DE38150}.Release|Any CPU.Build.0 = Release|Any CPU
		{BEB9542E-70AB-4904-8618-091F7DE38150}.Release|x64.ActiveCfg = Release|Any CPU
		{BEB9542E-70AB-4904-8618-091F7DE38150}.Release|x64.Build.0 = Release|Any CPU
		{BEB9542E-70AB-4904-8618-091F7DE38150}.Release|x86.ActiveCfg = Release|Any CPU
		{BEB9542E-70AB-4904-8618-091F7DE38150}.Release|x86.Build.0 = Release|Any CPU
		{F730D9BB-597C-4FD9-82ED-E47071288BDF}.Debug|Any CPU.ActiveCfg = Debug|Any CPU
		{F730D9BB-597C-4FD9-82ED-E47071288BDF}.Debug|Any CPU.Build.0 = Debug|Any CPU
		{F730D9BB-597C-4FD9-82ED-E47071288BDF}.Debug|x64.ActiveCfg = Debug|Any CPU
		{F730D9BB-597C-4FD9-82ED-E47071288BDF}.Debug|x64.Build.0 = Debug|Any CPU
		{F730D9BB-597C-4FD9-82ED-E47071288BDF}.Debug|x86.ActiveCfg = Debug|Any CPU
		{F730D9BB-597C-4FD9-82ED-E47071288BDF}.Debug|x86.Build.0 = Debug|Any CPU
		{F730D9BB-597C-4FD9-82ED-E47071288BDF}.Release|Any CPU.ActiveCfg = Release|Any CPU
		{F730D9BB-597C-4FD9-82ED-E47071288BDF}.Release|Any CPU.Build.0 = Release|Any CPU
		{F730D9BB-597C-4FD9-82ED-E47071288BDF}.Release|x64.ActiveCfg = Release|Any CPU
		{F730D9BB-597C-4FD9-82ED-E47071288BDF}.Release|x64.Build.0 = Release|Any CPU
		{F730D9BB-597C-4FD9-82ED-E47071288BDF}.Release|x86.ActiveCfg = Release|Any CPU
		{F730D9BB-597C-4FD9-82ED-E47071288BDF}.Release|x86.Build.0 = Release|Any CPU
		{99398C48-308A-4D49-A484-B8E5F9F11AF6}.Debug|Any CPU.ActiveCfg = Debug|Any CPU
		{99398C48-308A-4D49-A484-B8E5F9F11AF6}.Debug|Any CPU.Build.0 = Debug|Any CPU
		{99398C48-308A-4D49-A484-B8E5F9F11AF6}.Debug|x64.ActiveCfg = Debug|Any CPU
		{99398C48-308A-4D49-A484-B8E5F9F11AF6}.Debug|x64.Build.0 = Debug|Any CPU
		{99398C48-308A-4D49-A484-B8E5F9F11AF6}.Debug|x86.ActiveCfg = Debug|Any CPU
		{99398C48-308A-4D49-A484-B8E5F9F11AF6}.Debug|x86.Build.0 = Debug|Any CPU
		{99398C48-308A-4D49-A484-B8E5F9F11AF6}.Release|Any CPU.ActiveCfg = Release|Any CPU
		{99398C48-308A-4D49-A484-B8E5F9F11AF6}.Release|Any CPU.Build.0 = Release|Any CPU
		{99398C48-308A-4D49-A484-B8E5F9F11AF6}.Release|x64.ActiveCfg = Release|Any CPU
		{99398C48-308A-4D49-A484-B8E5F9F11AF6}.Release|x64.Build.0 = Release|Any CPU
		{99398C48-308A-4D49-A484-B8E5F9F11AF6}.Release|x86.ActiveCfg = Release|Any CPU
		{99398C48-308A-4D49-A484-B8E5F9F11AF6}.Release|x86.Build.0 = Release|Any CPU
		{9DE9395B-1F24-446B-BC0C-A3106073D11E}.Debug|Any CPU.ActiveCfg = Debug|Any CPU
		{9DE9395B-1F24-446B-BC0C-A3106073D11E}.Debug|Any CPU.Build.0 = Debug|Any CPU
		{9DE9395B-1F24-446B-BC0C-A3106073D11E}.Debug|x64.ActiveCfg = Debug|Any CPU
		{9DE9395B-1F24-446B-BC0C-A3106073D11E}.Debug|x64.Build.0 = Debug|Any CPU
		{9DE9395B-1F24-446B-BC0C-A3106073D11E}.Debug|x86.ActiveCfg = Debug|Any CPU
		{9DE9395B-1F24-446B-BC0C-A3106073D11E}.Debug|x86.Build.0 = Debug|Any CPU
		{9DE9395B-1F24-446B-BC0C-A3106073D11E}.Release|Any CPU.ActiveCfg = Release|Any CPU
		{9DE9395B-1F24-446B-BC0C-A3106073D11E}.Release|Any CPU.Build.0 = Release|Any CPU
		{9DE9395B-1F24-446B-BC0C-A3106073D11E}.Release|x64.ActiveCfg = Release|Any CPU
		{9DE9395B-1F24-446B-BC0C-A3106073D11E}.Release|x64.Build.0 = Release|Any CPU
		{9DE9395B-1F24-446B-BC0C-A3106073D11E}.Release|x86.ActiveCfg = Release|Any CPU
		{9DE9395B-1F24-446B-BC0C-A3106073D11E}.Release|x86.Build.0 = Release|Any CPU
		{DD235F2C-6948-4ACC-A08B-5A219B61C76F}.Debug|Any CPU.ActiveCfg = Debug|Any CPU
		{DD235F2C-6948-4ACC-A08B-5A219B61C76F}.Debug|Any CPU.Build.0 = Debug|Any CPU
		{DD235F2C-6948-4ACC-A08B-5A219B61C76F}.Debug|x64.ActiveCfg = Debug|Any CPU
		{DD235F2C-6948-4ACC-A08B-5A219B61C76F}.Debug|x64.Build.0 = Debug|Any CPU
		{DD235F2C-6948-4ACC-A08B-5A219B61C76F}.Debug|x86.ActiveCfg = Debug|Any CPU
		{DD235F2C-6948-4ACC-A08B-5A219B61C76F}.Debug|x86.Build.0 = Debug|Any CPU
		{DD235F2C-6948-4ACC-A08B-5A219B61C76F}.Release|Any CPU.ActiveCfg = Release|Any CPU
		{DD235F2C-6948-4ACC-A08B-5A219B61C76F}.Release|Any CPU.Build.0 = Release|Any CPU
		{DD235F2C-6948-4ACC-A08B-5A219B61C76F}.Release|x64.ActiveCfg = Release|Any CPU
		{DD235F2C-6948-4ACC-A08B-5A219B61C76F}.Release|x64.Build.0 = Release|Any CPU
		{DD235F2C-6948-4ACC-A08B-5A219B61C76F}.Release|x86.ActiveCfg = Release|Any CPU
		{DD235F2C-6948-4ACC-A08B-5A219B61C76F}.Release|x86.Build.0 = Release|Any CPU
		{DDC32E9D-9814-4C2D-AAF4-0E77E589D111}.Debug|Any CPU.ActiveCfg = Debug|Any CPU
		{DDC32E9D-9814-4C2D-AAF4-0E77E589D111}.Debug|Any CPU.Build.0 = Debug|Any CPU
		{DDC32E9D-9814-4C2D-AAF4-0E77E589D111}.Debug|x64.ActiveCfg = Debug|Any CPU
		{DDC32E9D-9814-4C2D-AAF4-0E77E589D111}.Debug|x64.Build.0 = Debug|Any CPU
		{DDC32E9D-9814-4C2D-AAF4-0E77E589D111}.Debug|x86.ActiveCfg = Debug|Any CPU
		{DDC32E9D-9814-4C2D-AAF4-0E77E589D111}.Debug|x86.Build.0 = Debug|Any CPU
		{DDC32E9D-9814-4C2D-AAF4-0E77E589D111}.Release|Any CPU.ActiveCfg = Release|Any CPU
		{DDC32E9D-9814-4C2D-AAF4-0E77E589D111}.Release|Any CPU.Build.0 = Release|Any CPU
		{DDC32E9D-9814-4C2D-AAF4-0E77E589D111}.Release|x64.ActiveCfg = Release|Any CPU
		{DDC32E9D-9814-4C2D-AAF4-0E77E589D111}.Release|x64.Build.0 = Release|Any CPU
		{DDC32E9D-9814-4C2D-AAF4-0E77E589D111}.Release|x86.ActiveCfg = Release|Any CPU
		{DDC32E9D-9814-4C2D-AAF4-0E77E589D111}.Release|x86.Build.0 = Release|Any CPU
		{AF1C691E-66DB-403C-B64F-233BF1E28A60}.Debug|Any CPU.ActiveCfg = Debug|Any CPU
		{AF1C691E-66DB-403C-B64F-233BF1E28A60}.Debug|Any CPU.Build.0 = Debug|Any CPU
		{AF1C691E-66DB-403C-B64F-233BF1E28A60}.Debug|x64.ActiveCfg = Debug|Any CPU
		{AF1C691E-66DB-403C-B64F-233BF1E28A60}.Debug|x64.Build.0 = Debug|Any CPU
		{AF1C691E-66DB-403C-B64F-233BF1E28A60}.Debug|x86.ActiveCfg = Debug|Any CPU
		{AF1C691E-66DB-403C-B64F-233BF1E28A60}.Debug|x86.Build.0 = Debug|Any CPU
		{AF1C691E-66DB-403C-B64F-233BF1E28A60}.Release|Any CPU.ActiveCfg = Release|Any CPU
		{AF1C691E-66DB-403C-B64F-233BF1E28A60}.Release|Any CPU.Build.0 = Release|Any CPU
		{AF1C691E-66DB-403C-B64F-233BF1E28A60}.Release|x64.ActiveCfg = Release|Any CPU
		{AF1C691E-66DB-403C-B64F-233BF1E28A60}.Release|x64.Build.0 = Release|Any CPU
		{AF1C691E-66DB-403C-B64F-233BF1E28A60}.Release|x86.ActiveCfg = Release|Any CPU
		{AF1C691E-66DB-403C-B64F-233BF1E28A60}.Release|x86.Build.0 = Release|Any CPU
		{A607D438-7173-4481-94ED-1DE90930284D}.Debug|Any CPU.ActiveCfg = Debug|Any CPU
		{A607D438-7173-4481-94ED-1DE90930284D}.Debug|Any CPU.Build.0 = Debug|Any CPU
		{A607D438-7173-4481-94ED-1DE90930284D}.Debug|x64.ActiveCfg = Debug|Any CPU
		{A607D438-7173-4481-94ED-1DE90930284D}.Debug|x64.Build.0 = Debug|Any CPU
		{A607D438-7173-4481-94ED-1DE90930284D}.Debug|x86.ActiveCfg = Debug|Any CPU
		{A607D438-7173-4481-94ED-1DE90930284D}.Debug|x86.Build.0 = Debug|Any CPU
		{A607D438-7173-4481-94ED-1DE90930284D}.Release|Any CPU.ActiveCfg = Release|Any CPU
		{A607D438-7173-4481-94ED-1DE90930284D}.Release|Any CPU.Build.0 = Release|Any CPU
		{A607D438-7173-4481-94ED-1DE90930284D}.Release|x64.ActiveCfg = Release|Any CPU
		{A607D438-7173-4481-94ED-1DE90930284D}.Release|x64.Build.0 = Release|Any CPU
		{A607D438-7173-4481-94ED-1DE90930284D}.Release|x86.ActiveCfg = Release|Any CPU
		{A607D438-7173-4481-94ED-1DE90930284D}.Release|x86.Build.0 = Release|Any CPU
		{6E286488-FBB2-46A1-8278-BC53A891CF41}.Debug|Any CPU.ActiveCfg = Debug|Any CPU
		{6E286488-FBB2-46A1-8278-BC53A891CF41}.Debug|Any CPU.Build.0 = Debug|Any CPU
		{6E286488-FBB2-46A1-8278-BC53A891CF41}.Debug|x64.ActiveCfg = Debug|Any CPU
		{6E286488-FBB2-46A1-8278-BC53A891CF41}.Debug|x64.Build.0 = Debug|Any CPU
		{6E286488-FBB2-46A1-8278-BC53A891CF41}.Debug|x86.ActiveCfg = Debug|Any CPU
		{6E286488-FBB2-46A1-8278-BC53A891CF41}.Debug|x86.Build.0 = Debug|Any CPU
		{6E286488-FBB2-46A1-8278-BC53A891CF41}.Release|Any CPU.ActiveCfg = Release|Any CPU
		{6E286488-FBB2-46A1-8278-BC53A891CF41}.Release|Any CPU.Build.0 = Release|Any CPU
		{6E286488-FBB2-46A1-8278-BC53A891CF41}.Release|x64.ActiveCfg = Release|Any CPU
		{6E286488-FBB2-46A1-8278-BC53A891CF41}.Release|x64.Build.0 = Release|Any CPU
		{6E286488-FBB2-46A1-8278-BC53A891CF41}.Release|x86.ActiveCfg = Release|Any CPU
		{6E286488-FBB2-46A1-8278-BC53A891CF41}.Release|x86.Build.0 = Release|Any CPU
		{14F074DE-4CC8-49E8-942F-5FE9A42C4084}.Debug|Any CPU.ActiveCfg = Debug|Any CPU
		{14F074DE-4CC8-49E8-942F-5FE9A42C4084}.Debug|Any CPU.Build.0 = Debug|Any CPU
		{14F074DE-4CC8-49E8-942F-5FE9A42C4084}.Debug|x64.ActiveCfg = Debug|Any CPU
		{14F074DE-4CC8-49E8-942F-5FE9A42C4084}.Debug|x64.Build.0 = Debug|Any CPU
		{14F074DE-4CC8-49E8-942F-5FE9A42C4084}.Debug|x86.ActiveCfg = Debug|Any CPU
		{14F074DE-4CC8-49E8-942F-5FE9A42C4084}.Debug|x86.Build.0 = Debug|Any CPU
		{14F074DE-4CC8-49E8-942F-5FE9A42C4084}.Release|Any CPU.ActiveCfg = Release|Any CPU
		{14F074DE-4CC8-49E8-942F-5FE9A42C4084}.Release|Any CPU.Build.0 = Release|Any CPU
		{14F074DE-4CC8-49E8-942F-5FE9A42C4084}.Release|x64.ActiveCfg = Release|Any CPU
		{14F074DE-4CC8-49E8-942F-5FE9A42C4084}.Release|x64.Build.0 = Release|Any CPU
		{14F074DE-4CC8-49E8-942F-5FE9A42C4084}.Release|x86.ActiveCfg = Release|Any CPU
		{14F074DE-4CC8-49E8-942F-5FE9A42C4084}.Release|x86.Build.0 = Release|Any CPU
		{162D3E63-3C33-4876-BAF2-13D6C7BFAC99}.Debug|Any CPU.ActiveCfg = Debug|Any CPU
		{162D3E63-3C33-4876-BAF2-13D6C7BFAC99}.Debug|Any CPU.Build.0 = Debug|Any CPU
		{162D3E63-3C33-4876-BAF2-13D6C7BFAC99}.Debug|x64.ActiveCfg = Debug|Any CPU
		{162D3E63-3C33-4876-BAF2-13D6C7BFAC99}.Debug|x64.Build.0 = Debug|Any CPU
		{162D3E63-3C33-4876-BAF2-13D6C7BFAC99}.Debug|x86.ActiveCfg = Debug|Any CPU
		{162D3E63-3C33-4876-BAF2-13D6C7BFAC99}.Debug|x86.Build.0 = Debug|Any CPU
		{162D3E63-3C33-4876-BAF2-13D6C7BFAC99}.Release|Any CPU.ActiveCfg = Release|Any CPU
		{162D3E63-3C33-4876-BAF2-13D6C7BFAC99}.Release|Any CPU.Build.0 = Release|Any CPU
		{162D3E63-3C33-4876-BAF2-13D6C7BFAC99}.Release|x64.ActiveCfg = Release|Any CPU
		{162D3E63-3C33-4876-BAF2-13D6C7BFAC99}.Release|x64.Build.0 = Release|Any CPU
		{162D3E63-3C33-4876-BAF2-13D6C7BFAC99}.Release|x86.ActiveCfg = Release|Any CPU
		{162D3E63-3C33-4876-BAF2-13D6C7BFAC99}.Release|x86.Build.0 = Release|Any CPU
		{359D7659-D31D-48C2-BA6E-7D7BE682CC31}.Debug|Any CPU.ActiveCfg = Debug|Any CPU
		{359D7659-D31D-48C2-BA6E-7D7BE682CC31}.Debug|Any CPU.Build.0 = Debug|Any CPU
		{359D7659-D31D-48C2-BA6E-7D7BE682CC31}.Debug|x64.ActiveCfg = Debug|Any CPU
		{359D7659-D31D-48C2-BA6E-7D7BE682CC31}.Debug|x64.Build.0 = Debug|Any CPU
		{359D7659-D31D-48C2-BA6E-7D7BE682CC31}.Debug|x86.ActiveCfg = Debug|Any CPU
		{359D7659-D31D-48C2-BA6E-7D7BE682CC31}.Debug|x86.Build.0 = Debug|Any CPU
		{359D7659-D31D-48C2-BA6E-7D7BE682CC31}.Release|Any CPU.ActiveCfg = Release|Any CPU
		{359D7659-D31D-48C2-BA6E-7D7BE682CC31}.Release|Any CPU.Build.0 = Release|Any CPU
		{359D7659-D31D-48C2-BA6E-7D7BE682CC31}.Release|x64.ActiveCfg = Release|Any CPU
		{359D7659-D31D-48C2-BA6E-7D7BE682CC31}.Release|x64.Build.0 = Release|Any CPU
		{359D7659-D31D-48C2-BA6E-7D7BE682CC31}.Release|x86.ActiveCfg = Release|Any CPU
		{359D7659-D31D-48C2-BA6E-7D7BE682CC31}.Release|x86.Build.0 = Release|Any CPU
		{4464AC43-4331-462C-8875-4A2EB5A59EC2}.Debug|Any CPU.ActiveCfg = Debug|Any CPU
		{4464AC43-4331-462C-8875-4A2EB5A59EC2}.Debug|Any CPU.Build.0 = Debug|Any CPU
		{4464AC43-4331-462C-8875-4A2EB5A59EC2}.Debug|x64.ActiveCfg = Debug|Any CPU
		{4464AC43-4331-462C-8875-4A2EB5A59EC2}.Debug|x64.Build.0 = Debug|Any CPU
		{4464AC43-4331-462C-8875-4A2EB5A59EC2}.Debug|x86.ActiveCfg = Debug|Any CPU
		{4464AC43-4331-462C-8875-4A2EB5A59EC2}.Debug|x86.Build.0 = Debug|Any CPU
		{4464AC43-4331-462C-8875-4A2EB5A59EC2}.Release|Any CPU.ActiveCfg = Release|Any CPU
		{4464AC43-4331-462C-8875-4A2EB5A59EC2}.Release|Any CPU.Build.0 = Release|Any CPU
		{4464AC43-4331-462C-8875-4A2EB5A59EC2}.Release|x64.ActiveCfg = Release|Any CPU
		{4464AC43-4331-462C-8875-4A2EB5A59EC2}.Release|x64.Build.0 = Release|Any CPU
		{4464AC43-4331-462C-8875-4A2EB5A59EC2}.Release|x86.ActiveCfg = Release|Any CPU
		{4464AC43-4331-462C-8875-4A2EB5A59EC2}.Release|x86.Build.0 = Release|Any CPU
		{480363BA-B2EB-406A-89C6-5D116BB0EA95}.Debug|Any CPU.ActiveCfg = Debug|Any CPU
		{480363BA-B2EB-406A-89C6-5D116BB0EA95}.Debug|Any CPU.Build.0 = Debug|Any CPU
		{480363BA-B2EB-406A-89C6-5D116BB0EA95}.Debug|x64.ActiveCfg = Debug|Any CPU
		{480363BA-B2EB-406A-89C6-5D116BB0EA95}.Debug|x64.Build.0 = Debug|Any CPU
		{480363BA-B2EB-406A-89C6-5D116BB0EA95}.Debug|x86.ActiveCfg = Debug|Any CPU
		{480363BA-B2EB-406A-89C6-5D116BB0EA95}.Debug|x86.Build.0 = Debug|Any CPU
		{480363BA-B2EB-406A-89C6-5D116BB0EA95}.Release|Any CPU.ActiveCfg = Release|Any CPU
		{480363BA-B2EB-406A-89C6-5D116BB0EA95}.Release|Any CPU.Build.0 = Release|Any CPU
		{480363BA-B2EB-406A-89C6-5D116BB0EA95}.Release|x64.ActiveCfg = Release|Any CPU
		{480363BA-B2EB-406A-89C6-5D116BB0EA95}.Release|x64.Build.0 = Release|Any CPU
		{480363BA-B2EB-406A-89C6-5D116BB0EA95}.Release|x86.ActiveCfg = Release|Any CPU
		{480363BA-B2EB-406A-89C6-5D116BB0EA95}.Release|x86.Build.0 = Release|Any CPU
		{26010927-743E-4E4F-A9C8-68367FAE72BD}.Debug|Any CPU.ActiveCfg = Debug|Any CPU
		{26010927-743E-4E4F-A9C8-68367FAE72BD}.Debug|Any CPU.Build.0 = Debug|Any CPU
		{26010927-743E-4E4F-A9C8-68367FAE72BD}.Debug|x64.ActiveCfg = Debug|Any CPU
		{26010927-743E-4E4F-A9C8-68367FAE72BD}.Debug|x64.Build.0 = Debug|Any CPU
		{26010927-743E-4E4F-A9C8-68367FAE72BD}.Debug|x86.ActiveCfg = Debug|Any CPU
		{26010927-743E-4E4F-A9C8-68367FAE72BD}.Debug|x86.Build.0 = Debug|Any CPU
		{26010927-743E-4E4F-A9C8-68367FAE72BD}.Release|Any CPU.ActiveCfg = Release|Any CPU
		{26010927-743E-4E4F-A9C8-68367FAE72BD}.Release|Any CPU.Build.0 = Release|Any CPU
		{26010927-743E-4E4F-A9C8-68367FAE72BD}.Release|x64.ActiveCfg = Release|Any CPU
		{26010927-743E-4E4F-A9C8-68367FAE72BD}.Release|x64.Build.0 = Release|Any CPU
		{26010927-743E-4E4F-A9C8-68367FAE72BD}.Release|x86.ActiveCfg = Release|Any CPU
		{26010927-743E-4E4F-A9C8-68367FAE72BD}.Release|x86.Build.0 = Release|Any CPU
	EndGlobalSection
	GlobalSection(SolutionProperties) = preSolution
		HideSolutionNode = FALSE
	EndGlobalSection
	GlobalSection(ExtensibilityGlobals) = postSolution
		SolutionGuid = {C1F48763-F521-4B8A-9E68-8CA10BC64C8A}
	EndGlobalSection
EndGlobal
